// !$*UTF8*$!
{
	archiveVersion = 1;
	classes = {
	};
	objectVersion = 46;
	objects = {

/* Begin PBXBuildFile section */
		3C1898232041723B00B2BD82 /* TTOpenInAppActivity.bundle in Resources */ = {isa = PBXBuildFile; fileRef = 3C1898222041723B00B2BD82 /* TTOpenInAppActivity.bundle */; };
		3C189828204175B100B2BD82 /* empty.pdf in Resources */ = {isa = PBXBuildFile; fileRef = 3C189826204175B100B2BD82 /* empty.pdf */; };
		3C189829204175B100B2BD82 /* Default-568h@2x.png in Resources */ = {isa = PBXBuildFile; fileRef = 3C189827204175B100B2BD82 /* Default-568h@2x.png */; };
		3C1898502041A1C000B2BD82 /* LaunchScreen.storyboard in Resources */ = {isa = PBXBuildFile; fileRef = 3C18984C2041A1C000B2BD82 /* LaunchScreen.storyboard */; };
		3C1898512041A1C000B2BD82 /* Main.storyboard in Resources */ = {isa = PBXBuildFile; fileRef = 3C18984E2041A1C000B2BD82 /* Main.storyboard */; };
		3C4D03FA169EAE4A00888955 /* UIKit.framework in Frameworks */ = {isa = PBXBuildFile; fileRef = 3C4D03F9169EAE4A00888955 /* UIKit.framework */; };
		3C4D03FC169EAE4A00888955 /* Foundation.framework in Frameworks */ = {isa = PBXBuildFile; fileRef = 3C4D03FB169EAE4A00888955 /* Foundation.framework */; };
		3C4D03FE169EAE4A00888955 /* CoreGraphics.framework in Frameworks */ = {isa = PBXBuildFile; fileRef = 3C4D03FD169EAE4A00888955 /* CoreGraphics.framework */; };
		3C4D0404169EAE4A00888955 /* InfoPlist.strings in Resources */ = {isa = PBXBuildFile; fileRef = 3C4D0402169EAE4A00888955 /* InfoPlist.strings */; };
		3C4D0406169EAE4A00888955 /* main.m in Sources */ = {isa = PBXBuildFile; fileRef = 3C4D0405169EAE4A00888955 /* main.m */; };
		3C4D040A169EAE4A00888955 /* AppDelegate.m in Sources */ = {isa = PBXBuildFile; fileRef = 3C4D0409169EAE4A00888955 /* AppDelegate.m */; };
		3C4D0419169EAE4A00888955 /* ViewController.m in Sources */ = {isa = PBXBuildFile; fileRef = 3C4D0418169EAE4A00888955 /* ViewController.m */; };
		3C4D0432169EAEEE00888955 /* TTOpenInAppActivity.m in Sources */ = {isa = PBXBuildFile; fileRef = 3C4D042D169EAEEE00888955 /* TTOpenInAppActivity.m */; };
		3C4D043C169EB09900888955 /* MobileCoreServices.framework in Frameworks */ = {isa = PBXBuildFile; fileRef = 3C4D043B169EB09900888955 /* MobileCoreServices.framework */; };
		3CDA832919EBCD880017448B /* ImageIO.framework in Frameworks */ = {isa = PBXBuildFile; fileRef = 3CDA832819EBCD880017448B /* ImageIO.framework */; };
/* End PBXBuildFile section */

/* Begin PBXFileReference section */
		3C1898222041723B00B2BD82 /* TTOpenInAppActivity.bundle */ = {isa = PBXFileReference; lastKnownFileType = "wrapper.plug-in"; path = TTOpenInAppActivity.bundle; sourceTree = "<group>"; };
		3C189826204175B100B2BD82 /* empty.pdf */ = {isa = PBXFileReference; lastKnownFileType = image.pdf; path = empty.pdf; sourceTree = "<group>"; };
		3C189827204175B100B2BD82 /* Default-568h@2x.png */ = {isa = PBXFileReference; lastKnownFileType = image.png; path = "Default-568h@2x.png"; sourceTree = "<group>"; };
		3C18984D2041A1C000B2BD82 /* en */ = {isa = PBXFileReference; lastKnownFileType = file.storyboard; name = en; path = ExampleTTOpenInAppActivity/en.lproj/LaunchScreen.storyboard; sourceTree = SOURCE_ROOT; };
		3C18984F2041A1C000B2BD82 /* en */ = {isa = PBXFileReference; lastKnownFileType = file.storyboard; name = en; path = ExampleTTOpenInAppActivity/en.lproj/Main.storyboard; sourceTree = SOURCE_ROOT; };
		3C4D03F6169EAE4A00888955 /* ExampleTTOpenInAppActivity.app */ = {isa = PBXFileReference; explicitFileType = wrapper.application; includeInIndex = 0; path = ExampleTTOpenInAppActivity.app; sourceTree = BUILT_PRODUCTS_DIR; };
		3C4D03F9169EAE4A00888955 /* UIKit.framework */ = {isa = PBXFileReference; lastKnownFileType = wrapper.framework; name = UIKit.framework; path = System/Library/Frameworks/UIKit.framework; sourceTree = SDKROOT; };
		3C4D03FB169EAE4A00888955 /* Foundation.framework */ = {isa = PBXFileReference; lastKnownFileType = wrapper.framework; name = Foundation.framework; path = System/Library/Frameworks/Foundation.framework; sourceTree = SDKROOT; };
		3C4D03FD169EAE4A00888955 /* CoreGraphics.framework */ = {isa = PBXFileReference; lastKnownFileType = wrapper.framework; name = CoreGraphics.framework; path = System/Library/Frameworks/CoreGraphics.framework; sourceTree = SDKROOT; };
		3C4D0401169EAE4A00888955 /* ExampleTTOpenInAppActivity-Info.plist */ = {isa = PBXFileReference; lastKnownFileType = text.plist.xml; path = "ExampleTTOpenInAppActivity-Info.plist"; sourceTree = "<group>"; };
		3C4D0403169EAE4A00888955 /* en */ = {isa = PBXFileReference; lastKnownFileType = text.plist.strings; name = en; path = en.lproj/InfoPlist.strings; sourceTree = "<group>"; };
		3C4D0405169EAE4A00888955 /* main.m */ = {isa = PBXFileReference; lastKnownFileType = sourcecode.c.objc; path = main.m; sourceTree = "<group>"; };
		3C4D0407169EAE4A00888955 /* ExampleTTOpenInAppActivity-Prefix.pch */ = {isa = PBXFileReference; lastKnownFileType = sourcecode.c.h; path = "ExampleTTOpenInAppActivity-Prefix.pch"; sourceTree = "<group>"; };
		3C4D0408169EAE4A00888955 /* AppDelegate.h */ = {isa = PBXFileReference; lastKnownFileType = sourcecode.c.h; path = AppDelegate.h; sourceTree = "<group>"; };
		3C4D0409169EAE4A00888955 /* AppDelegate.m */ = {isa = PBXFileReference; lastKnownFileType = sourcecode.c.objc; path = AppDelegate.m; sourceTree = "<group>"; };
		3C4D0417169EAE4A00888955 /* ViewController.h */ = {isa = PBXFileReference; lastKnownFileType = sourcecode.c.h; path = ViewController.h; sourceTree = "<group>"; };
		3C4D0418169EAE4A00888955 /* ViewController.m */ = {isa = PBXFileReference; lastKnownFileType = sourcecode.c.objc; path = ViewController.m; sourceTree = "<group>"; };
		3C4D042C169EAEEE00888955 /* TTOpenInAppActivity.h */ = {isa = PBXFileReference; fileEncoding = 4; lastKnownFileType = sourcecode.c.h; path = TTOpenInAppActivity.h; sourceTree = "<group>"; };
		3C4D042D169EAEEE00888955 /* TTOpenInAppActivity.m */ = {isa = PBXFileReference; fileEncoding = 4; lastKnownFileType = sourcecode.c.objc; path = TTOpenInAppActivity.m; sourceTree = "<group>"; };
		3C4D043B169EB09900888955 /* MobileCoreServices.framework */ = {isa = PBXFileReference; lastKnownFileType = wrapper.framework; name = MobileCoreServices.framework; path = System/Library/Frameworks/MobileCoreServices.framework; sourceTree = SDKROOT; };
		3CDA832819EBCD880017448B /* ImageIO.framework */ = {isa = PBXFileReference; lastKnownFileType = wrapper.framework; name = ImageIO.framework; path = System/Library/Frameworks/ImageIO.framework; sourceTree = SDKROOT; };
/* End PBXFileReference section */

/* Begin PBXFrameworksBuildPhase section */
		3C4D03F3169EAE4A00888955 /* Frameworks */ = {
			isa = PBXFrameworksBuildPhase;
			buildActionMask = 2147483647;
			files = (
				3CDA832919EBCD880017448B /* ImageIO.framework in Frameworks */,
				3C4D043C169EB09900888955 /* MobileCoreServices.framework in Frameworks */,
				3C4D03FA169EAE4A00888955 /* UIKit.framework in Frameworks */,
				3C4D03FC169EAE4A00888955 /* Foundation.framework in Frameworks */,
				3C4D03FE169EAE4A00888955 /* CoreGraphics.framework in Frameworks */,
			);
			runOnlyForDeploymentPostprocessing = 0;
		};
/* End PBXFrameworksBuildPhase section */

/* Begin PBXGroup section */
		3C4D03ED169EAE4A00888955 = {
			isa = PBXGroup;
			children = (
				3C4D03FF169EAE4A00888955 /* ExampleTTOpenInAppActivity */,
				3C4D03F8169EAE4A00888955 /* Frameworks */,
				3C4D03F7169EAE4A00888955 /* Products */,
			);
			sourceTree = "<group>";
		};
		3C4D03F7169EAE4A00888955 /* Products */ = {
			isa = PBXGroup;
			children = (
				3C4D03F6169EAE4A00888955 /* ExampleTTOpenInAppActivity.app */,
			);
			name = Products;
			sourceTree = "<group>";
		};
		3C4D03F8169EAE4A00888955 /* Frameworks */ = {
			isa = PBXGroup;
			children = (
				3CDA832819EBCD880017448B /* ImageIO.framework */,
				3C4D043B169EB09900888955 /* MobileCoreServices.framework */,
				3C4D03F9169EAE4A00888955 /* UIKit.framework */,
				3C4D03FB169EAE4A00888955 /* Foundation.framework */,
				3C4D03FD169EAE4A00888955 /* CoreGraphics.framework */,
			);
			name = Frameworks;
			sourceTree = "<group>";
		};
		3C4D03FF169EAE4A00888955 /* ExampleTTOpenInAppActivity */ = {
			isa = PBXGroup;
			children = (
				3C4D0408169EAE4A00888955 /* AppDelegate.h */,
				3C4D0409169EAE4A00888955 /* AppDelegate.m */,
				3C4D0400169EAE4A00888955 /* Supporting Files */,
				3C4D042B169EAEEE00888955 /* TTOpenInAppActivity */,
				3C4D0417169EAE4A00888955 /* ViewController.h */,
				3C4D0418169EAE4A00888955 /* ViewController.m */,
			);
			path = ExampleTTOpenInAppActivity;
			sourceTree = "<group>";
		};
		3C4D0400169EAE4A00888955 /* Supporting Files */ = {
			isa = PBXGroup;
			children = (
				3C189827204175B100B2BD82 /* Default-568h@2x.png */,
				3C189826204175B100B2BD82 /* empty.pdf */,
				3C4D0401169EAE4A00888955 /* ExampleTTOpenInAppActivity-Info.plist */,
				3C4D0402169EAE4A00888955 /* InfoPlist.strings */,
				3C4D0405169EAE4A00888955 /* main.m */,
				3C4D0407169EAE4A00888955 /* ExampleTTOpenInAppActivity-Prefix.pch */,
			);
			name = "Supporting Files";
			sourceTree = "<group>";
		};
		3C4D042B169EAEEE00888955 /* TTOpenInAppActivity */ = {
			isa = PBXGroup;
			children = (
				3C1898222041723B00B2BD82 /* TTOpenInAppActivity.bundle */,
				3C4D042C169EAEEE00888955 /* TTOpenInAppActivity.h */,
				3C4D042D169EAEEE00888955 /* TTOpenInAppActivity.m */,
				3C18984C2041A1C000B2BD82 /* LaunchScreen.storyboard */,
				3C18984E2041A1C000B2BD82 /* Main.storyboard */,
			);
			name = TTOpenInAppActivity;
			path = ../../TTOpenInAppActivity;
			sourceTree = "<group>";
		};
/* End PBXGroup section */

/* Begin PBXNativeTarget section */
		3C4D03F5169EAE4A00888955 /* ExampleTTOpenInAppActivity */ = {
			isa = PBXNativeTarget;
			buildConfigurationList = 3C4D041C169EAE4A00888955 /* Build configuration list for PBXNativeTarget "ExampleTTOpenInAppActivity" */;
			buildPhases = (
				3C4D03F2169EAE4A00888955 /* Sources */,
				3C4D03F3169EAE4A00888955 /* Frameworks */,
				3C4D03F4169EAE4A00888955 /* Resources */,
			);
			buildRules = (
			);
			dependencies = (
			);
			name = ExampleTTOpenInAppActivity;
			productName = ExampleTTOpenInAppActivity;
			productReference = 3C4D03F6169EAE4A00888955 /* ExampleTTOpenInAppActivity.app */;
			productType = "com.apple.product-type.application";
		};
/* End PBXNativeTarget section */

/* Begin PBXProject section */
		3C4D03EE169EAE4A00888955 /* Project object */ = {
			isa = PBXProject;
			attributes = {
				LastUpgradeCheck = 0460;
				ORGANIZATIONNAME = "Tobias Tiemerding";
			};
			buildConfigurationList = 3C4D03F1169EAE4A00888955 /* Build configuration list for PBXProject "ExampleTTOpenInAppActivity" */;
			compatibilityVersion = "Xcode 3.2";
			developmentRegion = English;
			hasScannedForEncodings = 0;
			knownRegions = (
				en,
			);
			mainGroup = 3C4D03ED169EAE4A00888955;
			productRefGroup = 3C4D03F7169EAE4A00888955 /* Products */;
			projectDirPath = "";
			projectRoot = "";
			targets = (
				3C4D03F5169EAE4A00888955 /* ExampleTTOpenInAppActivity */,
			);
		};
/* End PBXProject section */

/* Begin PBXResourcesBuildPhase section */
		3C4D03F4169EAE4A00888955 /* Resources */ = {
			isa = PBXResourcesBuildPhase;
			buildActionMask = 2147483647;
			files = (
				3C189828204175B100B2BD82 /* empty.pdf in Resources */,
				3C4D0404169EAE4A00888955 /* InfoPlist.strings in Resources */,
				3C189829204175B100B2BD82 /* Default-568h@2x.png in Resources */,
				3C1898512041A1C000B2BD82 /* Main.storyboard in Resources */,
				3C1898502041A1C000B2BD82 /* LaunchScreen.storyboard in Resources */,
				3C1898232041723B00B2BD82 /* TTOpenInAppActivity.bundle in Resources */,
			);
			runOnlyForDeploymentPostprocessing = 0;
		};
/* End PBXResourcesBuildPhase section */

/* Begin PBXSourcesBuildPhase section */
		3C4D03F2169EAE4A00888955 /* Sources */ = {
			isa = PBXSourcesBuildPhase;
			buildActionMask = 2147483647;
			files = (
				3C4D0406169EAE4A00888955 /* main.m in Sources */,
				3C4D040A169EAE4A00888955 /* AppDelegate.m in Sources */,
				3C4D0419169EAE4A00888955 /* ViewController.m in Sources */,
				3C4D0432169EAEEE00888955 /* TTOpenInAppActivity.m in Sources */,
			);
			runOnlyForDeploymentPostprocessing = 0;
		};
/* End PBXSourcesBuildPhase section */

/* Begin PBXVariantGroup section */
		3C18984C2041A1C000B2BD82 /* LaunchScreen.storyboard */ = {
			isa = PBXVariantGroup;
			children = (
				3C18984D2041A1C000B2BD82 /* en */,
			);
			name = LaunchScreen.storyboard;
			sourceTree = "<group>";
		};
		3C18984E2041A1C000B2BD82 /* Main.storyboard */ = {
			isa = PBXVariantGroup;
			children = (
				3C18984F2041A1C000B2BD82 /* en */,
			);
			name = Main.storyboard;
			sourceTree = "<group>";
		};
		3C4D0402169EAE4A00888955 /* InfoPlist.strings */ = {
			isa = PBXVariantGroup;
			children = (
				3C4D0403169EAE4A00888955 /* en */,
			);
			name = InfoPlist.strings;
			sourceTree = "<group>";
		};
/* End PBXVariantGroup section */

/* Begin XCBuildConfiguration section */
		3C4D041A169EAE4A00888955 /* Debug */ = {
			isa = XCBuildConfiguration;
			buildSettings = {
				CLANG_CXX_LANGUAGE_STANDARD = "gnu++0x";
				CLANG_CXX_LIBRARY = "libc++";
				CLANG_ENABLE_OBJC_ARC = YES;
				"CODE_SIGN_IDENTITY[sdk=iphoneos*]" = "iPhone Developer";
				COPY_PHASE_STRIP = NO;
				IPHONEOS_DEPLOYMENT_TARGET = 6.1;
				ONLY_ACTIVE_ARCH = YES;
				SDKROOT = iphoneos;
				TARGETED_DEVICE_FAMILY = "1,2";
			};
			name = Debug;
		};
		3C4D041B169EAE4A00888955 /* Release */ = {
			isa = XCBuildConfiguration;
			buildSettings = {
				CLANG_CXX_LANGUAGE_STANDARD = "gnu++0x";
				CLANG_CXX_LIBRARY = "libc++";
				CLANG_ENABLE_OBJC_ARC = YES;
				"CODE_SIGN_IDENTITY[sdk=iphoneos*]" = "iPhone Developer";
				COPY_PHASE_STRIP = YES;
				IPHONEOS_DEPLOYMENT_TARGET = 6.1;
				OTHER_CFLAGS = "-DNS_BLOCK_ASSERTIONS=1";
				SDKROOT = iphoneos;
				TARGETED_DEVICE_FAMILY = "1,2";
				VALIDATE_PRODUCT = YES;
			};
			name = Release;
		};
		3C4D041D169EAE4A00888955 /* Debug */ = {
			isa = XCBuildConfiguration;
			buildSettings = {
				GCC_PRECOMPILE_PREFIX_HEADER = YES;
				GCC_PREFIX_HEADER = "ExampleTTOpenInAppActivity/ExampleTTOpenInAppActivity-Prefix.pch";
				INFOPLIST_FILE = "ExampleTTOpenInAppActivity/ExampleTTOpenInAppActivity-Info.plist";
				IPHONEOS_DEPLOYMENT_TARGET = 8.0;
				PRODUCT_BUNDLE_IDENTIFIER = com.TTOpenInAppActivity.Example;
				PRODUCT_NAME = "$(TARGET_NAME)";
				WRAPPER_EXTENSION = app;
			};
			name = Debug;
		};
		3C4D041E169EAE4A00888955 /* Release */ = {
			isa = XCBuildConfiguration;
			buildSettings = {
				GCC_PRECOMPILE_PREFIX_HEADER = YES;
				GCC_PREFIX_HEADER = "ExampleTTOpenInAppActivity/ExampleTTOpenInAppActivity-Prefix.pch";
				INFOPLIST_FILE = "ExampleTTOpenInAppActivity/ExampleTTOpenInAppActivity-Info.plist";
				IPHONEOS_DEPLOYMENT_TARGET = 8.0;
				PRODUCT_BUNDLE_IDENTIFIER = com.TTOpenInAppActivity.Example;
				PRODUCT_NAME = "$(TARGET_NAME)";
				WRAPPER_EXTENSION = app;
			};
			name = Release;
		};
/* End XCBuildConfiguration section */

/* Begin XCConfigurationList section */
		3C4D03F1169EAE4A00888955 /* Build configuration list for PBXProject "ExampleTTOpenInAppActivity" */ = {
			isa = XCConfigurationList;
			buildConfigurations = (
				3C4D041A169EAE4A00888955 /* Debug */,
				3C4D041B169EAE4A00888955 /* Release */,
			);
			defaultConfigurationIsVisible = 0;
			defaultConfigurationName = Release;
		};
		3C4D041C169EAE4A00888955 /* Build configuration list for PBXNativeTarget "ExampleTTOpenInAppActivity" */ = {
			isa = XCConfigurationList;
			buildConfigurations = (
				3C4D041D169EAE4A00888955 /* Debug */,
				3C4D041E169EAE4A00888955 /* Release */,
			);
			defaultConfigurationIsVisible = 0;
			defaultConfigurationName = Release;
		};
/* End XCConfigurationList section */
	};
	rootObject = 3C4D03EE169EAE4A00888955 /* Project object */;
}
